// !$*UTF8*$!
{
	archiveVersion = 1;
	classes = {
	};
	objectVersion = 77;
	objects = {

/* Begin PBXBuildFile section */
		821572092E092B21006FA3C2 /* SnapKit in Frameworks */ = {isa = PBXBuildFile; productRef = 821572082E092B21006FA3C2 /* SnapKit */; };
/* End PBXBuildFile section */

/* Begin PBXContainerItemProxy section */
		82F3AD282E41DB1A0060C88E /* PBXContainerItemProxy */ = {
			isa = PBXContainerItemProxy;
			containerPortal = 82CFCDFA2E09031000EAF70D /* Project object */;
			proxyType = 1;
			remoteGlobalIDString = 82CFCE012E09031000EAF70D;
			remoteInfo = BusinessCardScannerVer3;
		};
/* End PBXContainerItemProxy section */

/* Begin PBXFileReference section */
		82CFCE022E09031000EAF70D /* BusinessCardScannerVer3.app */ = {isa = PBXFileReference; explicitFileType = wrapper.application; includeInIndex = 0; path = BusinessCardScannerVer3.app; sourceTree = BUILT_PRODUCTS_DIR; };
		82F3AD242E41DB190060C88E /* BusinessCardScannerVer3Tests.xctest */ = {isa = PBXFileReference; explicitFileType = wrapper.cfbundle; includeInIndex = 0; path = BusinessCardScannerVer3Tests.xctest; sourceTree = BUILT_PRODUCTS_DIR; };
/* End PBXFileReference section */

/* Begin PBXFileSystemSynchronizedBuildFileExceptionSet section */
		82CFCE142E09031200EAF70D /* Exceptions for "BusinessCardScannerVer3" folder in "BusinessCardScannerVer3" target */ = {
			isa = PBXFileSystemSynchronizedBuildFileExceptionSet;
			membershipExceptions = (
				BusinessCardScannerVer3Tests/BaseTestCase.swift,
				BusinessCardScannerVer3Tests/TestSupport/Fixtures/MockData.swift,
				BusinessCardScannerVer3Tests/TestSupport/Fixtures/TestFixtures.swift,
				BusinessCardScannerVer3Tests/TestSupport/Mocks/MockServiceContainer.swift,
				BusinessCardScannerVer3Tests/TestSupport/Mocks/MockServices/MockAICardParser.swift,
				BusinessCardScannerVer3Tests/TestSupport/Mocks/MockServices/MockBusinessCardParser.swift,
				BusinessCardScannerVer3Tests/TestSupport/Mocks/MockServices/MockBusinessCardRepository.swift,
				BusinessCardScannerVer3Tests/TestSupport/Mocks/MockServices/MockBusinessCardRepository.swift.backup,
				BusinessCardScannerVer3Tests/TestSupport/Mocks/MockServices/MockBusinessCardService.swift,
				BusinessCardScannerVer3Tests/TestSupport/Mocks/MockServices/MockExportService.swift,
				BusinessCardScannerVer3Tests/TestSupport/Mocks/MockServices/MockKeychainService.swift,
				BusinessCardScannerVer3Tests/TestSupport/Mocks/MockServices/MockOpenAIService.swift,
				BusinessCardScannerVer3Tests/TestSupport/Mocks/MockServices/MockPermissionManager.swift,
				BusinessCardScannerVer3Tests/TestSupport/Mocks/MockServices/MockPhotoService.swift,
				BusinessCardScannerVer3Tests/TestSupport/Mocks/MockServices/MockValidationService.swift,
				BusinessCardScannerVer3Tests/TestSupport/Mocks/MockServices/MockVisionService.swift,
				BusinessCardScannerVer3Tests/TestSupport/Mocks/ServiceProtocols.swift,
				BusinessCardScannerVer3Tests/TestSupport/TestCoverageConfig.swift,
				BusinessCardScannerVer3Tests/UnitTests/Services/KeychainServiceTests.swift,
				BusinessCardScannerVer3Tests/UnitTests/Services/ValidationServiceTests.swift,
				BusinessCardScannerVer3Tests/UnitTests/ViewModels/BaseViewModelTests.swift,
				BusinessCardScannerVer3Tests/UnitTests/ViewModels/BusinessCardServiceTests.swift,
				BusinessCardScannerVer3Tests/UnitTests/ViewModels/CameraViewModelTests.swift,
				BusinessCardScannerVer3Tests/UnitTests/ViewModels/CardListViewModelTests.swift,
				BusinessCardScannerVer3Tests/UnitTests/ViewModels/ContactEditViewModelTests.swift,
				Core/Models/CoreData/BusinessCardScanner.xcdatamodeld,
				Info.plist,
			);
			target = 82CFCE012E09031000EAF70D /* BusinessCardScannerVer3 */;
		};
		82F3AD2F2E41DB610060C88E /* Exceptions for "BusinessCardScannerVer3" folder in "BusinessCardScannerVer3Tests" target */ = {
			isa = PBXFileSystemSynchronizedBuildFileExceptionSet;
			membershipExceptions = (
				BusinessCardScannerVer3Tests/BaseTestCase.swift,
				BusinessCardScannerVer3Tests/TestSupport/Fixtures/MockData.swift,
				BusinessCardScannerVer3Tests/TestSupport/Fixtures/TestFixtures.swift,
				BusinessCardScannerVer3Tests/TestSupport/Mocks/MockServiceContainer.swift,
				BusinessCardScannerVer3Tests/TestSupport/Mocks/MockServices/MockAICardParser.swift,
				BusinessCardScannerVer3Tests/TestSupport/Mocks/MockServices/MockBusinessCardParser.swift,
				BusinessCardScannerVer3Tests/TestSupport/Mocks/MockServices/MockBusinessCardRepository.swift,
				BusinessCardScannerVer3Tests/TestSupport/Mocks/MockServices/MockBusinessCardRepository.swift.backup,
				BusinessCardScannerVer3Tests/TestSupport/Mocks/MockServices/MockBusinessCardService.swift,
				BusinessCardScannerVer3Tests/TestSupport/Mocks/MockServices/MockExportService.swift,
				BusinessCardScannerVer3Tests/TestSupport/Mocks/MockServices/MockKeychainService.swift,
				BusinessCardScannerVer3Tests/TestSupport/Mocks/MockServices/MockOpenAIService.swift,
				BusinessCardScannerVer3Tests/TestSupport/Mocks/MockServices/MockPermissionManager.swift,
				BusinessCardScannerVer3Tests/TestSupport/Mocks/MockServices/MockPhotoService.swift,
				BusinessCardScannerVer3Tests/TestSupport/Mocks/MockServices/MockValidationService.swift,
				BusinessCardScannerVer3Tests/TestSupport/Mocks/MockServices/MockVisionService.swift,
				BusinessCardScannerVer3Tests/TestSupport/Mocks/ServiceProtocols.swift,
				BusinessCardScannerVer3Tests/TestSupport/TestCoverageConfig.swift,
				BusinessCardScannerVer3Tests/UnitTests/Services/KeychainServiceTests.swift,
				BusinessCardScannerVer3Tests/UnitTests/Services/ValidationServiceTests.swift,
				BusinessCardScannerVer3Tests/UnitTests/ViewModels/BaseViewModelTests.swift,
				BusinessCardScannerVer3Tests/UnitTests/ViewModels/BusinessCardServiceTests.swift,
				BusinessCardScannerVer3Tests/UnitTests/ViewModels/CameraViewModelTests.swift,
				BusinessCardScannerVer3Tests/UnitTests/ViewModels/CardListViewModelTests.swift,
				BusinessCardScannerVer3Tests/UnitTests/ViewModels/ContactEditViewModelTests.swift,
			);
			target = 82F3AD232E41DB190060C88E /* BusinessCardScannerVer3Tests */;
		};
/* End PBXFileSystemSynchronizedBuildFileExceptionSet section */

/* Begin PBXFileSystemSynchronizedGroupBuildPhaseMembershipExceptionSet section */
		821574792E0D29DA006FA3C2 /* Exceptions for "BusinessCardScannerVer3" folder in "Copy Bundle Resources" phase from "BusinessCardScannerVer3" target */ = {
			isa = PBXFileSystemSynchronizedGroupBuildPhaseMembershipExceptionSet;
			buildPhase = 82CFCE002E09031000EAF70D /* Resources */;
			membershipExceptions = (
				Core/Models/CoreData/BusinessCardScanner.xcdatamodeld,
			);
		};
/* End PBXFileSystemSynchronizedGroupBuildPhaseMembershipExceptionSet section */

/* Begin PBXFileSystemSynchronizedRootGroup section */
		82CFCE042E09031000EAF70D /* BusinessCardScannerVer3 */ = {
			isa = PBXFileSystemSynchronizedRootGroup;
			exceptions = (
				82CFCE142E09031200EAF70D /* Exceptions for "BusinessCardScannerVer3" folder in "BusinessCardScannerVer3" target */,
				821574792E0D29DA006FA3C2 /* Exceptions for "BusinessCardScannerVer3" folder in "Copy Bundle Resources" phase from "BusinessCardScannerVer3" target */,
				82F3AD2F2E41DB610060C88E /* Exceptions for "BusinessCardScannerVer3" folder in "BusinessCardScannerVer3Tests" target */,
			);
			path = BusinessCardScannerVer3;
			sourceTree = "<group>";
		};
		82F3AD252E41DB1A0060C88E /* BusinessCardScannerVer3Tests */ = {
			isa = PBXFileSystemSynchronizedRootGroup;
			path = BusinessCardScannerVer3Tests;
			sourceTree = "<group>";
		};
/* End PBXFileSystemSynchronizedRootGroup section */

/* Begin PBXFrameworksBuildPhase section */
		82CFCDFF2E09031000EAF70D /* Frameworks */ = {
			isa = PBXFrameworksBuildPhase;
			buildActionMask = 2147483647;
			files = (
				821572092E092B21006FA3C2 /* SnapKit in Frameworks */,
			);
			runOnlyForDeploymentPostprocessing = 0;
		};
		82F3AD212E41DB190060C88E /* Frameworks */ = {
			isa = PBXFrameworksBuildPhase;
			buildActionMask = 2147483647;
			files = (
			);
			runOnlyForDeploymentPostprocessing = 0;
		};
/* End PBXFrameworksBuildPhase section */

/* Begin PBXGroup section */
		82CFCDF92E09031000EAF70D = {
			isa = PBXGroup;
			children = (
				82CFCE042E09031000EAF70D /* BusinessCardScannerVer3 */,
				82F3AD252E41DB1A0060C88E /* BusinessCardScannerVer3Tests */,
				82CFCE032E09031000EAF70D /* Products */,
			);
			sourceTree = "<group>";
		};
		82CFCE032E09031000EAF70D /* Products */ = {
			isa = PBXGroup;
			children = (
				82CFCE022E09031000EAF70D /* BusinessCardScannerVer3.app */,
				82F3AD242E41DB190060C88E /* BusinessCardScannerVer3Tests.xctest */,
			);
			name = Products;
			sourceTree = "<group>";
		};
/* End PBXGroup section */

/* Begin PBXNativeTarget section */
		82CFCE012E09031000EAF70D /* BusinessCardScannerVer3 */ = {
			isa = PBXNativeTarget;
			buildConfigurationList = 82CFCE152E09031200EAF70D /* Build configuration list for PBXNativeTarget "BusinessCardScannerVer3" */;
			buildPhases = (
				82CFCDFE2E09031000EAF70D /* Sources */,
				82CFCDFF2E09031000EAF70D /* Frameworks */,
				82CFCE002E09031000EAF70D /* Resources */,
			);
			buildRules = (
			);
			dependencies = (
			);
			fileSystemSynchronizedGroups = (
				82CFCE042E09031000EAF70D /* BusinessCardScannerVer3 */,
			);
			name = BusinessCardScannerVer3;
			packageProductDependencies = (
				821572082E092B21006FA3C2 /* SnapKit */,
			);
			productName = BusinessCardScannerVer3;
			productReference = 82CFCE022E09031000EAF70D /* BusinessCardScannerVer3.app */;
			productType = "com.apple.product-type.application";
		};
		82F3AD232E41DB190060C88E /* BusinessCardScannerVer3Tests */ = {
			isa = PBXNativeTarget;
			buildConfigurationList = 82F3AD2A2E41DB1A0060C88E /* Build configuration list for PBXNativeTarget "BusinessCardScannerVer3Tests" */;
			buildPhases = (
				82F3AD202E41DB190060C88E /* Sources */,
				82F3AD212E41DB190060C88E /* Frameworks */,
				82F3AD222E41DB190060C88E /* Resources */,
			);
			buildRules = (
			);
			dependencies = (
				82F3AD292E41DB1A0060C88E /* PBXTargetDependency */,
			);
			fileSystemSynchronizedGroups = (
				82F3AD252E41DB1A0060C88E /* BusinessCardScannerVer3Tests */,
			);
			name = BusinessCardScannerVer3Tests;
			packageProductDependencies = (
			);
			productName = BusinessCardScannerVer3Tests;
			productReference = 82F3AD242E41DB190060C88E /* BusinessCardScannerVer3Tests.xctest */;
			productType = "com.apple.product-type.bundle.unit-test";
		};
/* End PBXNativeTarget section */

/* Begin PBXProject section */
		82CFCDFA2E09031000EAF70D /* Project object */ = {
			isa = PBXProject;
			attributes = {
				BuildIndependentTargetsInParallel = 1;
				LastSwiftUpdateCheck = 1640;
				LastUpgradeCheck = 1640;
				TargetAttributes = {
					82CFCE012E09031000EAF70D = {
						CreatedOnToolsVersion = 16.4;
					};
					82F3AD232E41DB190060C88E = {
						CreatedOnToolsVersion = 16.4;
						TestTargetID = 82CFCE012E09031000EAF70D;
					};
				};
			};
			buildConfigurationList = 82CFCDFD2E09031000EAF70D /* Build configuration list for PBXProject "BusinessCardScannerVer3" */;
			developmentRegion = en;
			hasScannedForEncodings = 0;
			knownRegions = (
				en,
				Base,
			);
			mainGroup = 82CFCDF92E09031000EAF70D;
			minimizedProjectReferenceProxies = 1;
			packageReferences = (
				821572072E092B21006FA3C2 /* XCRemoteSwiftPackageReference "SnapKit" */,
			);
			preferredProjectObjectVersion = 77;
			productRefGroup = 82CFCE032E09031000EAF70D /* Products */;
			projectDirPath = "";
			projectRoot = "";
			targets = (
				82CFCE012E09031000EAF70D /* BusinessCardScannerVer3 */,
				82F3AD232E41DB190060C88E /* BusinessCardScannerVer3Tests */,
			);
		};
/* End PBXProject section */

/* Begin PBXResourcesBuildPhase section */
		82CFCE002E09031000EAF70D /* Resources */ = {
			isa = PBXResourcesBuildPhase;
			buildActionMask = 2147483647;
			files = (
			);
			runOnlyForDeploymentPostprocessing = 0;
		};
		82F3AD222E41DB190060C88E /* Resources */ = {
			isa = PBXResourcesBuildPhase;
			buildActionMask = 2147483647;
			files = (
			);
			runOnlyForDeploymentPostprocessing = 0;
		};
/* End PBXResourcesBuildPhase section */

/* Begin PBXSourcesBuildPhase section */
		82CFCDFE2E09031000EAF70D /* Sources */ = {
			isa = PBXSourcesBuildPhase;
			buildActionMask = 2147483647;
			files = (
			);
			runOnlyForDeploymentPostprocessing = 0;
		};
		82F3AD202E41DB190060C88E /* Sources */ = {
			isa = PBXSourcesBuildPhase;
			buildActionMask = 2147483647;
			files = (
			);
			runOnlyForDeploymentPostprocessing = 0;
		};
/* End PBXSourcesBuildPhase section */

/* Begin PBXTargetDependency section */
		82F3AD292E41DB1A0060C88E /* PBXTargetDependency */ = {
			isa = PBXTargetDependency;
			target = 82CFCE012E09031000EAF70D /* BusinessCardScannerVer3 */;
			targetProxy = 82F3AD282E41DB1A0060C88E /* PBXContainerItemProxy */;
		};
/* End PBXTargetDependency section */

/* Begin XCBuildConfiguration section */
		82CFCE162E09031200EAF70D /* Debug */ = {
			isa = XCBuildConfiguration;
			buildSettings = {
				ASSETCATALOG_COMPILER_APPICON_NAME = AppIcon;
				ASSETCATALOG_COMPILER_GLOBAL_ACCENT_COLOR_NAME = AccentColor;
				CODE_SIGN_STYLE = Automatic;
				CURRENT_PROJECT_VERSION = 1;
				DEVELOPMENT_TEAM = T895NG5NC4;
				GENERATE_INFOPLIST_FILE = YES;
				INFOPLIST_FILE = BusinessCardScannerVer3/Info.plist;
				INFOPLIST_KEY_UIApplicationSupportsIndirectInputEvents = YES;
				INFOPLIST_KEY_UILaunchStoryboardName = LaunchScreen;
				INFOPLIST_KEY_UISupportedInterfaceOrientations_iPad = "UIInterfaceOrientationPortrait UIInterfaceOrientationPortraitUpsideDown UIInterfaceOrientationLandscapeLeft UIInterfaceOrientationLandscapeRight";
				INFOPLIST_KEY_UISupportedInterfaceOrientations_iPhone = "UIInterfaceOrientationPortrait UIInterfaceOrientationLandscapeLeft UIInterfaceOrientationLandscapeRight";
				LD_RUNPATH_SEARCH_PATHS = (
					"$(inherited)",
					"@executable_path/Frameworks",
				);
				MARKETING_VERSION = 1.0;
				PRODUCT_BUNDLE_IDENTIFIER = com.mike.BusinessCardScannerVer3;
				PRODUCT_NAME = "$(TARGET_NAME)";
				SWIFT_EMIT_LOC_STRINGS = YES;
				SWIFT_VERSION = 5.0;
				TARGETED_DEVICE_FAMILY = "1,2";
			};
			name = Debug;
		};
		82CFCE172E09031200EAF70D /* Release */ = {
			isa = XCBuildConfiguration;
			buildSettings = {
				ASSETCATALOG_COMPILER_APPICON_NAME = AppIcon;
				ASSETCATALOG_COMPILER_GLOBAL_ACCENT_COLOR_NAME = AccentColor;
				CODE_SIGN_STYLE = Automatic;
				CURRENT_PROJECT_VERSION = 1;
				DEVELOPMENT_TEAM = T895NG5NC4;
				GENERATE_INFOPLIST_FILE = YES;
				INFOPLIST_FILE = BusinessCardScannerVer3/Info.plist;
				INFOPLIST_KEY_UIApplicationSupportsIndirectInputEvents = YES;
				INFOPLIST_KEY_UILaunchStoryboardName = LaunchScreen;
				INFOPLIST_KEY_UISupportedInterfaceOrientations_iPad = "UIInterfaceOrientationPortrait UIInterfaceOrientationPortraitUpsideDown UIInterfaceOrientationLandscapeLeft UIInterfaceOrientationLandscapeRight";
				INFOPLIST_KEY_UISupportedInterfaceOrientations_iPhone = "UIInterfaceOrientationPortrait UIInterfaceOrientationLandscapeLeft UIInterfaceOrientationLandscapeRight";
				LD_RUNPATH_SEARCH_PATHS = (
					"$(inherited)",
					"@executable_path/Frameworks",
				);
				MARKETING_VERSION = 1.0;
				PRODUCT_BUNDLE_IDENTIFIER = com.mike.BusinessCardScannerVer3;
				PRODUCT_NAME = "$(TARGET_NAME)";
				SWIFT_EMIT_LOC_STRINGS = YES;
				SWIFT_VERSION = 5.0;
				TARGETED_DEVICE_FAMILY = "1,2";
			};
			name = Release;
		};
		82CFCE182E09031200EAF70D /* Debug */ = {
			isa = XCBuildConfiguration;
			buildSettings = {
				ALWAYS_SEARCH_USER_PATHS = NO;
				ASSETCATALOG_COMPILER_GENERATE_SWIFT_ASSET_SYMBOL_EXTENSIONS = YES;
				CLANG_ANALYZER_NONNULL = YES;
				CLANG_ANALYZER_NUMBER_OBJECT_CONVERSION = YES_AGGRESSIVE;
				CLANG_CXX_LANGUAGE_STANDARD = "gnu++20";
				CLANG_ENABLE_MODULES = YES;
				CLANG_ENABLE_OBJC_ARC = YES;
				CLANG_ENABLE_OBJC_WEAK = YES;
				CLANG_WARN_BLOCK_CAPTURE_AUTORELEASING = YES;
				CLANG_WARN_BOOL_CONVERSION = YES;
				CLANG_WARN_COMMA = YES;
				CLANG_WARN_CONSTANT_CONVERSION = YES;
				CLANG_WARN_DEPRECATED_OBJC_IMPLEMENTATIONS = YES;
				CLANG_WARN_DIRECT_OBJC_ISA_USAGE = YES_ERROR;
				CLANG_WARN_DOCUMENTATION_COMMENTS = YES;
				CLANG_WARN_EMPTY_BODY = YES;
				CLANG_WARN_ENUM_CONVERSION = YES;
				CLANG_WARN_INFINITE_RECURSION = YES;
				CLANG_WARN_INT_CONVERSION = YES;
				CLANG_WARN_NON_LITERAL_NULL_CONVERSION = YES;
				CLANG_WARN_OBJC_IMPLICIT_RETAIN_SELF = YES;
				CLANG_WARN_OBJC_LITERAL_CONVERSION = YES;
				CLANG_WARN_OBJC_ROOT_CLASS = YES_ERROR;
				CLANG_WARN_QUOTED_INCLUDE_IN_FRAMEWORK_HEADER = YES;
				CLANG_WARN_RANGE_LOOP_ANALYSIS = YES;
				CLANG_WARN_STRICT_PROTOTYPES = YES;
				CLANG_WARN_SUSPICIOUS_MOVE = YES;
				CLANG_WARN_UNGUARDED_AVAILABILITY = YES_AGGRESSIVE;
				CLANG_WARN_UNREACHABLE_CODE = YES;
				CLANG_WARN__DUPLICATE_METHOD_MATCH = YES;
				COPY_PHASE_STRIP = NO;
				DEBUG_INFORMATION_FORMAT = dwarf;
				DEVELOPMENT_TEAM = T895NG5NC4;
				ENABLE_STRICT_OBJC_MSGSEND = YES;
				ENABLE_TESTABILITY = YES;
				ENABLE_USER_SCRIPT_SANDBOXING = YES;
				GCC_C_LANGUAGE_STANDARD = gnu17;
				GCC_DYNAMIC_NO_PIC = NO;
				GCC_NO_COMMON_BLOCKS = YES;
				GCC_OPTIMIZATION_LEVEL = 0;
				GCC_PREPROCESSOR_DEFINITIONS = (
					"DEBUG=1",
					"$(inherited)",
				);
				GCC_WARN_64_TO_32_BIT_CONVERSION = YES;
				GCC_WARN_ABOUT_RETURN_TYPE = YES_ERROR;
				GCC_WARN_UNDECLARED_SELECTOR = YES;
				GCC_WARN_UNINITIALIZED_AUTOS = YES_AGGRESSIVE;
				GCC_WARN_UNUSED_FUNCTION = YES;
				GCC_WARN_UNUSED_VARIABLE = YES;
				IPHONEOS_DEPLOYMENT_TARGET = 18.5;
				LOCALIZATION_PREFERS_STRING_CATALOGS = YES;
				MTL_ENABLE_DEBUG_INFO = INCLUDE_SOURCE;
				MTL_FAST_MATH = YES;
				ONLY_ACTIVE_ARCH = YES;
				SDKROOT = iphoneos;
				SWIFT_ACTIVE_COMPILATION_CONDITIONS = "DEBUG $(inherited)";
				SWIFT_OPTIMIZATION_LEVEL = "-Onone";
			};
			name = Debug;
		};
		82CFCE192E09031200EAF70D /* Release */ = {
			isa = XCBuildConfiguration;
			buildSettings = {
				ALWAYS_SEARCH_USER_PATHS = NO;
				ASSETCATALOG_COMPILER_GENERATE_SWIFT_ASSET_SYMBOL_EXTENSIONS = YES;
				CLANG_ANALYZER_NONNULL = YES;
				CLANG_ANALYZER_NUMBER_OBJECT_CONVERSION = YES_AGGRESSIVE;
				CLANG_CXX_LANGUAGE_STANDARD = "gnu++20";
				CLANG_ENABLE_MODULES = YES;
				CLANG_ENABLE_OBJC_ARC = YES;
				CLANG_ENABLE_OBJC_WEAK = YES;
				CLANG_WARN_BLOCK_CAPTURE_AUTORELEASING = YES;
				CLANG_WARN_BOOL_CONVERSION = YES;
				CLANG_WARN_COMMA = YES;
				CLANG_WARN_CONSTANT_CONVERSION = YES;
				CLANG_WARN_DEPRECATED_OBJC_IMPLEMENTATIONS = YES;
				CLANG_WARN_DIRECT_OBJC_ISA_USAGE = YES_ERROR;
				CLANG_WARN_DOCUMENTATION_COMMENTS = YES;
				CLANG_WARN_EMPTY_BODY = YES;
				CLANG_WARN_ENUM_CONVERSION = YES;
				CLANG_WARN_INFINITE_RECURSION = YES;
				CLANG_WARN_INT_CONVERSION = YES;
				CLANG_WARN_NON_LITERAL_NULL_CONVERSION = YES;
				CLANG_WARN_OBJC_IMPLICIT_RETAIN_SELF = YES;
				CLANG_WARN_OBJC_LITERAL_CONVERSION = YES;
				CLANG_WARN_OBJC_ROOT_CLASS = YES_ERROR;
				CLANG_WARN_QUOTED_INCLUDE_IN_FRAMEWORK_HEADER = YES;
				CLANG_WARN_RANGE_LOOP_ANALYSIS = YES;
				CLANG_WARN_STRICT_PROTOTYPES = YES;
				CLANG_WARN_SUSPICIOUS_MOVE = YES;
				CLANG_WARN_UNGUARDED_AVAILABILITY = YES_AGGRESSIVE;
				CLANG_WARN_UNREACHABLE_CODE = YES;
				CLANG_WARN__DUPLICATE_METHOD_MATCH = YES;
				COPY_PHASE_STRIP = NO;
				DEBUG_INFORMATION_FORMAT = "dwarf-with-dsym";
				DEVELOPMENT_TEAM = T895NG5NC4;
				ENABLE_NS_ASSERTIONS = NO;
				ENABLE_STRICT_OBJC_MSGSEND = YES;
				ENABLE_USER_SCRIPT_SANDBOXING = YES;
				GCC_C_LANGUAGE_STANDARD = gnu17;
				GCC_NO_COMMON_BLOCKS = YES;
				GCC_WARN_64_TO_32_BIT_CONVERSION = YES;
				GCC_WARN_ABOUT_RETURN_TYPE = YES_ERROR;
				GCC_WARN_UNDECLARED_SELECTOR = YES;
				GCC_WARN_UNINITIALIZED_AUTOS = YES_AGGRESSIVE;
				GCC_WARN_UNUSED_FUNCTION = YES;
				GCC_WARN_UNUSED_VARIABLE = YES;
				IPHONEOS_DEPLOYMENT_TARGET = 18.5;
				LOCALIZATION_PREFERS_STRING_CATALOGS = YES;
				MTL_ENABLE_DEBUG_INFO = NO;
				MTL_FAST_MATH = YES;
				SDKROOT = iphoneos;
				SWIFT_COMPILATION_MODE = wholemodule;
				VALIDATE_PRODUCT = YES;
			};
			name = Release;
		};
		82F3AD2B2E41DB1A0060C88E /* Debug */ = {
			isa = XCBuildConfiguration;
			buildSettings = {
				BUNDLE_LOADER = "$(TEST_HOST)";
				CODE_SIGN_STYLE = Automatic;
				CURRENT_PROJECT_VERSION = 1;
				DEVELOPMENT_TEAM = T895NG5NC4;
				GENERATE_INFOPLIST_FILE = YES;
				MARKETING_VERSION = 1.0;
				PRODUCT_BUNDLE_IDENTIFIER = com.mike.BusinessCardScannerVer3Tests;
				PRODUCT_NAME = "$(TARGET_NAME)";
				SWIFT_EMIT_LOC_STRINGS = NO;
				SWIFT_VERSION = 5.0;
				TARGETED_DEVICE_FAMILY = "1,2";
				TEST_HOST = "$(BUILT_PRODUCTS_DIR)/BusinessCardScannerVer3.app/$(BUNDLE_EXECUTABLE_FOLDER_PATH)/BusinessCardScannerVer3";
			};
			name = Debug;
		};
		82F3AD2C2E41DB1A0060C88E /* Release */ = {
			isa = XCBuildConfiguration;
			buildSettings = {
				BUNDLE_LOADER = "$(TEST_HOST)";
				CODE_SIGN_STYLE = Automatic;
				CURRENT_PROJECT_VERSION = 1;
				DEVELOPMENT_TEAM = T895NG5NC4;
				GENERATE_INFOPLIST_FILE = YES;
				MARKETING_VERSION = 1.0;
				PRODUCT_BUNDLE_IDENTIFIER = com.mike.BusinessCardScannerVer3Tests;
				PRODUCT_NAME = "$(TARGET_NAME)";
				SWIFT_EMIT_LOC_STRINGS = NO;
				SWIFT_VERSION = 5.0;
				TARGETED_DEVICE_FAMILY = "1,2";
				TEST_HOST = "$(BUILT_PRODUCTS_DIR)/BusinessCardScannerVer3.app/$(BUNDLE_EXECUTABLE_FOLDER_PATH)/BusinessCardScannerVer3";
			};
			name = Release;
		};
/* End XCBuildConfiguration section */

/* Begin XCConfigurationList section */
		82CFCDFD2E09031000EAF70D /* Build configuration list for PBXProject "BusinessCardScannerVer3" */ = {
			isa = XCConfigurationList;
			buildConfigurations = (
				82CFCE182E09031200EAF70D /* Debug */,
				82CFCE192E09031200EAF70D /* Release */,
			);
			defaultConfigurationIsVisible = 0;
			defaultConfigurationName = Release;
		};
		82CFCE152E09031200EAF70D /* Build configuration list for PBXNativeTarget "BusinessCardScannerVer3" */ = {
			isa = XCConfigurationList;
			buildConfigurations = (
				82CFCE162E09031200EAF70D /* Debug */,
				82CFCE172E09031200EAF70D /* Release */,
			);
			defaultConfigurationIsVisible = 0;
			defaultConfigurationName = Release;
		};
		82F3AD2A2E41DB1A0060C88E /* Build configuration list for PBXNativeTarget "BusinessCardScannerVer3Tests" */ = {
			isa = XCConfigurationList;
			buildConfigurations = (
				82F3AD2B2E41DB1A0060C88E /* Debug */,
				82F3AD2C2E41DB1A0060C88E /* Release */,
			);
			defaultConfigurationIsVisible = 0;
			defaultConfigurationName = Release;
		};
/* End XCConfigurationList section */

/* Begin XCRemoteSwiftPackageReference section */
		821572072E092B21006FA3C2 /* XCRemoteSwiftPackageReference "SnapKit" */ = {
			isa = XCRemoteSwiftPackageReference;
			repositoryURL = "https://github.com/SnapKit/SnapKit";
			requirement = {
				kind = upToNextMajorVersion;
				minimumVersion = 5.7.1;
			};
		};
/* End XCRemoteSwiftPackageReference section */

/* Begin XCSwiftPackageProductDependency section */
		821572082E092B21006FA3C2 /* SnapKit */ = {
			isa = XCSwiftPackageProductDependency;
			package = 821572072E092B21006FA3C2 /* XCRemoteSwiftPackageReference "SnapKit" */;
			productName = SnapKit;
		};
/* End XCSwiftPackageProductDependency section */
	};
	rootObject = 82CFCDFA2E09031000EAF70D /* Project object */;
}
